{
  "name": "core",
  "version": "1.0.0",
  "lockfileVersion": 1,
  "requires": true,
  "dependencies": {
    "@types/node": {
      "version": "9.4.0",
      "resolved": "https://registry.npmjs.org/@types/node/-/node-9.4.0.tgz",
      "integrity": "sha512-zkYho6/4wZyX6o9UQ8rd0ReEaiEYNNCqYFIAACe2Tf9DrYlgzWW27OigYHnnztnnZQwVRpwWmZKegFmDpinIsA=="
    },
    "@types/wiring-pi": {
      "version": "2.2.3",
      "resolved": "https://registry.npmjs.org/@types/wiring-pi/-/wiring-pi-2.2.3.tgz",
      "integrity": "sha1-D6jE1wNds05bUq4uwTfngxLv3io=",
      "requires": {
        "@types/node": "9.4.0"
      }
    },
    "nan": {
      "version": "2.8.0",
      "resolved": "https://registry.npmjs.org/nan/-/nan-2.8.0.tgz",
      "integrity": "sha1-7XFfP+neArV6XmJS2QqWZ14fCFo="
    },
    "sleep": {
      "version": "5.1.1",
      "resolved": "https://registry.npmjs.org/sleep/-/sleep-5.1.1.tgz",
      "integrity": "sha1-h4+h1E0I7rDyb7IBjvhinrGjq5Q=",
      "requires": {
        "nan": "2.8.0"
      }
    },
    "typescript": {
      "version": "2.6.2",
      "resolved": "https://registry.npmjs.org/typescript/-/typescript-2.6.2.tgz",
      "integrity": "sha1-PFtv1/beCRQmkCfwPAlGdY92c6Q="
    },
    "wiringpi-node": {
      "version": "2.4.4",
      "resolved": "https://registry.npmjs.org/wiringpi-node/-/wiringpi-node-2.4.4.tgz",
      "integrity": "sha1-IQ5us5G3247SdzdyntSTUByga4k="
    }
  }
}
